// !$*UTF8*$!
{
	archiveVersion = 1;
	classes = {
	};
	objectVersion = 50;
	objects = {

/* Begin PBXBuildFile section */
		9438E50C2290544200138504 /* AppDelegate.swift in Sources */ = {isa = PBXBuildFile; fileRef = 9438E50B2290544200138504 /* AppDelegate.swift */; };
		9438E50E2290544400138504 /* Assets.xcassets in Resources */ = {isa = PBXBuildFile; fileRef = 9438E50D2290544400138504 /* Assets.xcassets */; };
		9438E5112290544400138504 /* MainMenu.xib in Resources */ = {isa = PBXBuildFile; fileRef = 9438E50F2290544400138504 /* MainMenu.xib */; };
		9438E51D2290544400138504 /* ContextLoggerTests.swift in Sources */ = {isa = PBXBuildFile; fileRef = 9438E51C2290544400138504 /* ContextLoggerTests.swift */; };
		9438E5282290544400138504 /* ContextLoggerUITests.swift in Sources */ = {isa = PBXBuildFile; fileRef = 9438E5272290544400138504 /* ContextLoggerUITests.swift */; };
		9438E53622905AF800138504 /* GlobalEventMonitor.swift in Sources */ = {isa = PBXBuildFile; fileRef = 9438E53522905AF800138504 /* GlobalEventMonitor.swift */; };
		949E884823F9902B00A0F89C /* postProcessing.sh in Resources */ = {isa = PBXBuildFile; fileRef = 949E884323F9902A00A0F89C /* postProcessing.sh */; };
		949E884923F9902B00A0F89C /* generateImageDiffs.py in Resources */ = {isa = PBXBuildFile; fileRef = 949E884423F9902A00A0F89C /* generateImageDiffs.py */; };
		949E884A23F9902B00A0F89C /* dot.py in Resources */ = {isa = PBXBuildFile; fileRef = 949E884523F9902A00A0F89C /* dot.py */; };
/* End PBXBuildFile section */

/* Begin PBXContainerItemProxy section */
		9438E5192290544400138504 /* PBXContainerItemProxy */ = {
			isa = PBXContainerItemProxy;
			containerPortal = 9438E5002290544200138504 /* Project object */;
			proxyType = 1;
			remoteGlobalIDString = 9438E5072290544200138504;
			remoteInfo = ContextLogger;
		};
		9438E5242290544400138504 /* PBXContainerItemProxy */ = {
			isa = PBXContainerItemProxy;
			containerPortal = 9438E5002290544200138504 /* Project object */;
			proxyType = 1;
			remoteGlobalIDString = 9438E5072290544200138504;
			remoteInfo = ContextLogger;
		};
/* End PBXContainerItemProxy section */

/* Begin PBXFileReference section */
		9438E5082290544200138504 /* ContextLogger.app */ = {isa = PBXFileReference; explicitFileType = wrapper.application; includeInIndex = 0; path = ContextLogger.app; sourceTree = BUILT_PRODUCTS_DIR; };
		9438E50B2290544200138504 /* AppDelegate.swift */ = {isa = PBXFileReference; lastKnownFileType = sourcecode.swift; path = AppDelegate.swift; sourceTree = "<group>"; };
		9438E50D2290544400138504 /* Assets.xcassets */ = {isa = PBXFileReference; lastKnownFileType = folder.assetcatalog; path = Assets.xcassets; sourceTree = "<group>"; };
		9438E5102290544400138504 /* Base */ = {isa = PBXFileReference; lastKnownFileType = file.xib; name = Base; path = Base.lproj/MainMenu.xib; sourceTree = "<group>"; };
		9438E5122290544400138504 /* Info.plist */ = {isa = PBXFileReference; lastKnownFileType = text.plist.xml; path = Info.plist; sourceTree = "<group>"; };
		9438E5132290544400138504 /* ContextLogger.entitlements */ = {isa = PBXFileReference; lastKnownFileType = text.plist.entitlements; path = ContextLogger.entitlements; sourceTree = "<group>"; };
		9438E5182290544400138504 /* ContextLoggerTests.xctest */ = {isa = PBXFileReference; explicitFileType = wrapper.cfbundle; includeInIndex = 0; path = ContextLoggerTests.xctest; sourceTree = BUILT_PRODUCTS_DIR; };
		9438E51C2290544400138504 /* ContextLoggerTests.swift */ = {isa = PBXFileReference; lastKnownFileType = sourcecode.swift; path = ContextLoggerTests.swift; sourceTree = "<group>"; };
		9438E51E2290544400138504 /* Info.plist */ = {isa = PBXFileReference; lastKnownFileType = text.plist.xml; path = Info.plist; sourceTree = "<group>"; };
		9438E5232290544400138504 /* ContextLoggerUITests.xctest */ = {isa = PBXFileReference; explicitFileType = wrapper.cfbundle; includeInIndex = 0; path = ContextLoggerUITests.xctest; sourceTree = BUILT_PRODUCTS_DIR; };
		9438E5272290544400138504 /* ContextLoggerUITests.swift */ = {isa = PBXFileReference; lastKnownFileType = sourcecode.swift; path = ContextLoggerUITests.swift; sourceTree = "<group>"; };
		9438E5292290544400138504 /* Info.plist */ = {isa = PBXFileReference; lastKnownFileType = text.plist.xml; path = Info.plist; sourceTree = "<group>"; };
		9438E53522905AF800138504 /* GlobalEventMonitor.swift */ = {isa = PBXFileReference; fileEncoding = 4; lastKnownFileType = sourcecode.swift; path = GlobalEventMonitor.swift; sourceTree = "<group>"; };
		949E884323F9902A00A0F89C /* postProcessing.sh */ = {isa = PBXFileReference; fileEncoding = 4; lastKnownFileType = text.script.sh; path = postProcessing.sh; sourceTree = "<group>"; };
		949E884423F9902A00A0F89C /* generateImageDiffs.py */ = {isa = PBXFileReference; fileEncoding = 4; lastKnownFileType = text.script.python; path = generateImageDiffs.py; sourceTree = "<group>"; };
		949E884523F9902A00A0F89C /* dot.py */ = {isa = PBXFileReference; fileEncoding = 4; lastKnownFileType = text.script.python; path = dot.py; sourceTree = "<group>"; };
/* End PBXFileReference section */

/* Begin PBXFrameworksBuildPhase section */
		9438E5052290544200138504 /* Frameworks */ = {
			isa = PBXFrameworksBuildPhase;
			buildActionMask = 2147483647;
			files = (
			);
			runOnlyForDeploymentPostprocessing = 0;
		};
		9438E5152290544400138504 /* Frameworks */ = {
			isa = PBXFrameworksBuildPhase;
			buildActionMask = 2147483647;
			files = (
			);
			runOnlyForDeploymentPostprocessing = 0;
		};
		9438E5202290544400138504 /* Frameworks */ = {
			isa = PBXFrameworksBuildPhase;
			buildActionMask = 2147483647;
			files = (
			);
			runOnlyForDeploymentPostprocessing = 0;
		};
/* End PBXFrameworksBuildPhase section */

/* Begin PBXGroup section */
		9438E4FF2290544200138504 = {
			isa = PBXGroup;
			children = (
				949E884223F98F7900A0F89C /* ExternalFiles */,
				9438E50A2290544200138504 /* ContextLogger */,
				9438E51B2290544400138504 /* ContextLoggerTests */,
				9438E5262290544400138504 /* ContextLoggerUITests */,
				9438E5092290544200138504 /* Products */,
			);
			sourceTree = "<group>";
		};
		9438E5092290544200138504 /* Products */ = {
			isa = PBXGroup;
			children = (
				9438E5082290544200138504 /* ContextLogger.app */,
				9438E5182290544400138504 /* ContextLoggerTests.xctest */,
				9438E5232290544400138504 /* ContextLoggerUITests.xctest */,
			);
			name = Products;
			sourceTree = "<group>";
		};
		9438E50A2290544200138504 /* ContextLogger */ = {
			isa = PBXGroup;
			children = (
				9438E50B2290544200138504 /* AppDelegate.swift */,
				9438E53522905AF800138504 /* GlobalEventMonitor.swift */,
				9438E50D2290544400138504 /* Assets.xcassets */,
				9438E50F2290544400138504 /* MainMenu.xib */,
				9438E5122290544400138504 /* Info.plist */,
				9438E5132290544400138504 /* ContextLogger.entitlements */,
			);
			path = ContextLogger;
			sourceTree = "<group>";
		};
		9438E51B2290544400138504 /* ContextLoggerTests */ = {
			isa = PBXGroup;
			children = (
				9438E51C2290544400138504 /* ContextLoggerTests.swift */,
				9438E51E2290544400138504 /* Info.plist */,
			);
			path = ContextLoggerTests;
			sourceTree = "<group>";
		};
		9438E5262290544400138504 /* ContextLoggerUITests */ = {
			isa = PBXGroup;
			children = (
				9438E5272290544400138504 /* ContextLoggerUITests.swift */,
				9438E5292290544400138504 /* Info.plist */,
			);
			path = ContextLoggerUITests;
			sourceTree = "<group>";
		};
		949E884223F98F7900A0F89C /* ExternalFiles */ = {
			isa = PBXGroup;
			children = (
				949E884523F9902A00A0F89C /* dot.py */,
				949E884423F9902A00A0F89C /* generateImageDiffs.py */,
				949E884323F9902A00A0F89C /* postProcessing.sh */,
			);
			path = ExternalFiles;
			sourceTree = "<group>";
		};
/* End PBXGroup section */

/* Begin PBXNativeTarget section */
		9438E5072290544200138504 /* ContextLogger */ = {
			isa = PBXNativeTarget;
			buildConfigurationList = 9438E52C2290544400138504 /* Build configuration list for PBXNativeTarget "ContextLogger" */;
			buildPhases = (
				9438E5042290544200138504 /* Sources */,
				9438E5052290544200138504 /* Frameworks */,
				9438E5062290544200138504 /* Resources */,
			);
			buildRules = (
			);
			dependencies = (
			);
			name = ContextLogger;
			productName = ContextLogger;
			productReference = 9438E5082290544200138504 /* ContextLogger.app */;
			productType = "com.apple.product-type.application";
		};
		9438E5172290544400138504 /* ContextLoggerTests */ = {
			isa = PBXNativeTarget;
			buildConfigurationList = 9438E52F2290544400138504 /* Build configuration list for PBXNativeTarget "ContextLoggerTests" */;
			buildPhases = (
				9438E5142290544400138504 /* Sources */,
				9438E5152290544400138504 /* Frameworks */,
				9438E5162290544400138504 /* Resources */,
			);
			buildRules = (
			);
			dependencies = (
				9438E51A2290544400138504 /* PBXTargetDependency */,
			);
			name = ContextLoggerTests;
			productName = ContextLoggerTests;
			productReference = 9438E5182290544400138504 /* ContextLoggerTests.xctest */;
			productType = "com.apple.product-type.bundle.unit-test";
		};
		9438E5222290544400138504 /* ContextLoggerUITests */ = {
			isa = PBXNativeTarget;
			buildConfigurationList = 9438E5322290544400138504 /* Build configuration list for PBXNativeTarget "ContextLoggerUITests" */;
			buildPhases = (
				9438E51F2290544400138504 /* Sources */,
				9438E5202290544400138504 /* Frameworks */,
				9438E5212290544400138504 /* Resources */,
			);
			buildRules = (
			);
			dependencies = (
				9438E5252290544400138504 /* PBXTargetDependency */,
			);
			name = ContextLoggerUITests;
			productName = ContextLoggerUITests;
			productReference = 9438E5232290544400138504 /* ContextLoggerUITests.xctest */;
			productType = "com.apple.product-type.bundle.ui-testing";
		};
/* End PBXNativeTarget section */

/* Begin PBXProject section */
		9438E5002290544200138504 /* Project object */ = {
			isa = PBXProject;
			attributes = {
				LastSwiftUpdateCheck = 1010;
				LastUpgradeCheck = 1130;
				ORGANIZATIONNAME = TNJ;
				TargetAttributes = {
					9438E5072290544200138504 = {
						CreatedOnToolsVersion = 10.1;
						LastSwiftMigration = 1130;
					};
					9438E5172290544400138504 = {
						CreatedOnToolsVersion = 10.1;
						LastSwiftMigration = 1130;
						TestTargetID = 9438E5072290544200138504;
					};
					9438E5222290544400138504 = {
						CreatedOnToolsVersion = 10.1;
						LastSwiftMigration = 1130;
						TestTargetID = 9438E5072290544200138504;
					};
				};
			};
			buildConfigurationList = 9438E5032290544200138504 /* Build configuration list for PBXProject "ContextLogger" */;
			compatibilityVersion = "Xcode 9.3";
			developmentRegion = en;
			hasScannedForEncodings = 0;
			knownRegions = (
				en,
				Base,
			);
			mainGroup = 9438E4FF2290544200138504;
			productRefGroup = 9438E5092290544200138504 /* Products */;
			projectDirPath = "";
			projectRoot = "";
			targets = (
				9438E5072290544200138504 /* ContextLogger */,
				9438E5172290544400138504 /* ContextLoggerTests */,
				9438E5222290544400138504 /* ContextLoggerUITests */,
			);
		};
/* End PBXProject section */

/* Begin PBXResourcesBuildPhase section */
		9438E5062290544200138504 /* Resources */ = {
			isa = PBXResourcesBuildPhase;
			buildActionMask = 2147483647;
			files = (
				949E884A23F9902B00A0F89C /* dot.py in Resources */,
				9438E50E2290544400138504 /* Assets.xcassets in Resources */,
				949E884823F9902B00A0F89C /* postProcessing.sh in Resources */,
				949E884923F9902B00A0F89C /* generateImageDiffs.py in Resources */,
				9438E5112290544400138504 /* MainMenu.xib in Resources */,
			);
			runOnlyForDeploymentPostprocessing = 0;
		};
		9438E5162290544400138504 /* Resources */ = {
			isa = PBXResourcesBuildPhase;
			buildActionMask = 2147483647;
			files = (
			);
			runOnlyForDeploymentPostprocessing = 0;
		};
		9438E5212290544400138504 /* Resources */ = {
			isa = PBXResourcesBuildPhase;
			buildActionMask = 2147483647;
			files = (
			);
			runOnlyForDeploymentPostprocessing = 0;
		};
/* End PBXResourcesBuildPhase section */

/* Begin PBXSourcesBuildPhase section */
		9438E5042290544200138504 /* Sources */ = {
			isa = PBXSourcesBuildPhase;
			buildActionMask = 2147483647;
			files = (
				9438E53622905AF800138504 /* GlobalEventMonitor.swift in Sources */,
				9438E50C2290544200138504 /* AppDelegate.swift in Sources */,
			);
			runOnlyForDeploymentPostprocessing = 0;
		};
		9438E5142290544400138504 /* Sources */ = {
			isa = PBXSourcesBuildPhase;
			buildActionMask = 2147483647;
			files = (
				9438E51D2290544400138504 /* ContextLoggerTests.swift in Sources */,
			);
			runOnlyForDeploymentPostprocessing = 0;
		};
		9438E51F2290544400138504 /* Sources */ = {
			isa = PBXSourcesBuildPhase;
			buildActionMask = 2147483647;
			files = (
				9438E5282290544400138504 /* ContextLoggerUITests.swift in Sources */,
			);
			runOnlyForDeploymentPostprocessing = 0;
		};
/* End PBXSourcesBuildPhase section */

/* Begin PBXTargetDependency section */
		9438E51A2290544400138504 /* PBXTargetDependency */ = {
			isa = PBXTargetDependency;
			target = 9438E5072290544200138504 /* ContextLogger */;
			targetProxy = 9438E5192290544400138504 /* PBXContainerItemProxy */;
		};
		9438E5252290544400138504 /* PBXTargetDependency */ = {
			isa = PBXTargetDependency;
			target = 9438E5072290544200138504 /* ContextLogger */;
			targetProxy = 9438E5242290544400138504 /* PBXContainerItemProxy */;
		};
/* End PBXTargetDependency section */

/* Begin PBXVariantGroup section */
		9438E50F2290544400138504 /* MainMenu.xib */ = {
			isa = PBXVariantGroup;
			children = (
				9438E5102290544400138504 /* Base */,
			);
			name = MainMenu.xib;
			sourceTree = "<group>";
		};
/* End PBXVariantGroup section */

/* Begin XCBuildConfiguration section */
		9438E52A2290544400138504 /* Debug */ = {
			isa = XCBuildConfiguration;
			buildSettings = {
				ALWAYS_SEARCH_USER_PATHS = NO;
				CLANG_ANALYZER_NONNULL = YES;
				CLANG_ANALYZER_NUMBER_OBJECT_CONVERSION = YES_AGGRESSIVE;
				CLANG_CXX_LANGUAGE_STANDARD = "gnu++14";
				CLANG_CXX_LIBRARY = "libc++";
				CLANG_ENABLE_MODULES = YES;
				CLANG_ENABLE_OBJC_ARC = YES;
				CLANG_ENABLE_OBJC_WEAK = YES;
				CLANG_WARN_BLOCK_CAPTURE_AUTORELEASING = YES;
				CLANG_WARN_BOOL_CONVERSION = YES;
				CLANG_WARN_COMMA = YES;
				CLANG_WARN_CONSTANT_CONVERSION = YES;
				CLANG_WARN_DEPRECATED_OBJC_IMPLEMENTATIONS = YES;
				CLANG_WARN_DIRECT_OBJC_ISA_USAGE = YES_ERROR;
				CLANG_WARN_DOCUMENTATION_COMMENTS = YES;
				CLANG_WARN_EMPTY_BODY = YES;
				CLANG_WARN_ENUM_CONVERSION = YES;
				CLANG_WARN_INFINITE_RECURSION = YES;
				CLANG_WARN_INT_CONVERSION = YES;
				CLANG_WARN_NON_LITERAL_NULL_CONVERSION = YES;
				CLANG_WARN_OBJC_IMPLICIT_RETAIN_SELF = YES;
				CLANG_WARN_OBJC_LITERAL_CONVERSION = YES;
				CLANG_WARN_OBJC_ROOT_CLASS = YES_ERROR;
				CLANG_WARN_RANGE_LOOP_ANALYSIS = YES;
				CLANG_WARN_STRICT_PROTOTYPES = YES;
				CLANG_WARN_SUSPICIOUS_MOVE = YES;
				CLANG_WARN_UNGUARDED_AVAILABILITY = YES_AGGRESSIVE;
				CLANG_WARN_UNREACHABLE_CODE = YES;
				CLANG_WARN__DUPLICATE_METHOD_MATCH = YES;
				CODE_SIGN_IDENTITY = "-";
				COPY_PHASE_STRIP = NO;
				DEBUG_INFORMATION_FORMAT = dwarf;
				ENABLE_STRICT_OBJC_MSGSEND = YES;
				ENABLE_TESTABILITY = YES;
				GCC_C_LANGUAGE_STANDARD = gnu11;
				GCC_DYNAMIC_NO_PIC = NO;
				GCC_NO_COMMON_BLOCKS = YES;
				GCC_OPTIMIZATION_LEVEL = 0;
				GCC_PREPROCESSOR_DEFINITIONS = (
					"DEBUG=1",
					"$(inherited)",
				);
				GCC_WARN_64_TO_32_BIT_CONVERSION = YES;
				GCC_WARN_ABOUT_RETURN_TYPE = YES_ERROR;
				GCC_WARN_UNDECLARED_SELECTOR = YES;
				GCC_WARN_UNINITIALIZED_AUTOS = YES_AGGRESSIVE;
				GCC_WARN_UNUSED_FUNCTION = YES;
				GCC_WARN_UNUSED_VARIABLE = YES;
				MACOSX_DEPLOYMENT_TARGET = 10.14;
				MTL_ENABLE_DEBUG_INFO = INCLUDE_SOURCE;
				MTL_FAST_MATH = YES;
				ONLY_ACTIVE_ARCH = YES;
				SDKROOT = macosx;
				SWIFT_ACTIVE_COMPILATION_CONDITIONS = DEBUG;
				SWIFT_OPTIMIZATION_LEVEL = "-Onone";
			};
			name = Debug;
		};
		9438E52B2290544400138504 /* Release */ = {
			isa = XCBuildConfiguration;
			buildSettings = {
				ALWAYS_SEARCH_USER_PATHS = NO;
				CLANG_ANALYZER_NONNULL = YES;
				CLANG_ANALYZER_NUMBER_OBJECT_CONVERSION = YES_AGGRESSIVE;
				CLANG_CXX_LANGUAGE_STANDARD = "gnu++14";
				CLANG_CXX_LIBRARY = "libc++";
				CLANG_ENABLE_MODULES = YES;
				CLANG_ENABLE_OBJC_ARC = YES;
				CLANG_ENABLE_OBJC_WEAK = YES;
				CLANG_WARN_BLOCK_CAPTURE_AUTORELEASING = YES;
				CLANG_WARN_BOOL_CONVERSION = YES;
				CLANG_WARN_COMMA = YES;
				CLANG_WARN_CONSTANT_CONVERSION = YES;
				CLANG_WARN_DEPRECATED_OBJC_IMPLEMENTATIONS = YES;
				CLANG_WARN_DIRECT_OBJC_ISA_USAGE = YES_ERROR;
				CLANG_WARN_DOCUMENTATION_COMMENTS = YES;
				CLANG_WARN_EMPTY_BODY = YES;
				CLANG_WARN_ENUM_CONVERSION = YES;
				CLANG_WARN_INFINITE_RECURSION = YES;
				CLANG_WARN_INT_CONVERSION = YES;
				CLANG_WARN_NON_LITERAL_NULL_CONVERSION = YES;
				CLANG_WARN_OBJC_IMPLICIT_RETAIN_SELF = YES;
				CLANG_WARN_OBJC_LITERAL_CONVERSION = YES;
				CLANG_WARN_OBJC_ROOT_CLASS = YES_ERROR;
				CLANG_WARN_RANGE_LOOP_ANALYSIS = YES;
				CLANG_WARN_STRICT_PROTOTYPES = YES;
				CLANG_WARN_SUSPICIOUS_MOVE = YES;
				CLANG_WARN_UNGUARDED_AVAILABILITY = YES_AGGRESSIVE;
				CLANG_WARN_UNREACHABLE_CODE = YES;
				CLANG_WARN__DUPLICATE_METHOD_MATCH = YES;
				CODE_SIGN_IDENTITY = "-";
				COPY_PHASE_STRIP = NO;
				DEBUG_INFORMATION_FORMAT = "dwarf-with-dsym";
				ENABLE_NS_ASSERTIONS = NO;
				ENABLE_STRICT_OBJC_MSGSEND = YES;
				GCC_C_LANGUAGE_STANDARD = gnu11;
				GCC_NO_COMMON_BLOCKS = YES;
				GCC_WARN_64_TO_32_BIT_CONVERSION = YES;
				GCC_WARN_ABOUT_RETURN_TYPE = YES_ERROR;
				GCC_WARN_UNDECLARED_SELECTOR = YES;
				GCC_WARN_UNINITIALIZED_AUTOS = YES_AGGRESSIVE;
				GCC_WARN_UNUSED_FUNCTION = YES;
				GCC_WARN_UNUSED_VARIABLE = YES;
				MACOSX_DEPLOYMENT_TARGET = 10.14;
				MTL_ENABLE_DEBUG_INFO = NO;
				MTL_FAST_MATH = YES;
				SDKROOT = macosx;
				SWIFT_COMPILATION_MODE = wholemodule;
				SWIFT_OPTIMIZATION_LEVEL = "-O";
			};
			name = Release;
		};
		9438E52D2290544400138504 /* Debug */ = {
			isa = XCBuildConfiguration;
			buildSettings = {
				ASSETCATALOG_COMPILER_APPICON_NAME = AppIcon;
				CODE_SIGN_ENTITLEMENTS = ContextLogger/ContextLogger.entitlements;
				CODE_SIGN_IDENTITY = "-";
				CODE_SIGN_STYLE = Manual;
				COMBINE_HIDPI_IMAGES = YES;
				DEVELOPMENT_TEAM = "";
				INFOPLIST_FILE = ContextLogger/Info.plist;
				LD_RUNPATH_SEARCH_PATHS = (
					"$(inherited)",
					"@executable_path/../Frameworks",
				);
				PRODUCT_BUNDLE_IDENTIFIER = dk.logging.ContextLogger;
				PRODUCT_NAME = "$(TARGET_NAME)";
				PROVISIONING_PROFILE_SPECIFIER = "";
				SWIFT_VERSION = 5.0;
			};
			name = Debug;
		};
		9438E52E2290544400138504 /* Release */ = {
			isa = XCBuildConfiguration;
			buildSettings = {
				ASSETCATALOG_COMPILER_APPICON_NAME = AppIcon;
				CODE_SIGN_ENTITLEMENTS = ContextLogger/ContextLogger.entitlements;
				CODE_SIGN_IDENTITY = "-";
				CODE_SIGN_STYLE = Manual;
				COMBINE_HIDPI_IMAGES = YES;
				DEVELOPMENT_TEAM = "";
				INFOPLIST_FILE = ContextLogger/Info.plist;
				LD_RUNPATH_SEARCH_PATHS = (
					"$(inherited)",
					"@executable_path/../Frameworks",
				);
				PRODUCT_BUNDLE_IDENTIFIER = dk.logging.ContextLogger;
				PRODUCT_NAME = "$(TARGET_NAME)";
				PROVISIONING_PROFILE_SPECIFIER = "";
				SWIFT_VERSION = 5.0;
			};
			name = Release;
		};
		9438E5302290544400138504 /* Debug */ = {
			isa = XCBuildConfiguration;
			buildSettings = {
				ALWAYS_EMBED_SWIFT_STANDARD_LIBRARIES = YES;
				BUNDLE_LOADER = "$(TEST_HOST)";
				CODE_SIGN_STYLE = Automatic;
				COMBINE_HIDPI_IMAGES = YES;
				INFOPLIST_FILE = ContextLoggerTests/Info.plist;
				LD_RUNPATH_SEARCH_PATHS = (
					"$(inherited)",
					"@executable_path/../Frameworks",
					"@loader_path/../Frameworks",
				);
				PRODUCT_BUNDLE_IDENTIFIER = dk.logging.ContextLoggerTests;
				PRODUCT_NAME = "$(TARGET_NAME)";
				SWIFT_VERSION = 5.0;
				TEST_HOST = "$(BUILT_PRODUCTS_DIR)/ContextLogger.app/Contents/MacOS/ContextLogger";
			};
			name = Debug;
		};
		9438E5312290544400138504 /* Release */ = {
			isa = XCBuildConfiguration;
			buildSettings = {
				ALWAYS_EMBED_SWIFT_STANDARD_LIBRARIES = YES;
				BUNDLE_LOADER = "$(TEST_HOST)";
				CODE_SIGN_STYLE = Automatic;
				COMBINE_HIDPI_IMAGES = YES;
				INFOPLIST_FILE = ContextLoggerTests/Info.plist;
				LD_RUNPATH_SEARCH_PATHS = (
					"$(inherited)",
					"@executable_path/../Frameworks",
					"@loader_path/../Frameworks",
				);
				PRODUCT_BUNDLE_IDENTIFIER = dk.logging.ContextLoggerTests;
				PRODUCT_NAME = "$(TARGET_NAME)";
				SWIFT_VERSION = 5.0;
				TEST_HOST = "$(BUILT_PRODUCTS_DIR)/ContextLogger.app/Contents/MacOS/ContextLogger";
			};
			name = Release;
		};
		9438E5332290544400138504 /* Debug */ = {
			isa = XCBuildConfiguration;
			buildSettings = {
				ALWAYS_EMBED_SWIFT_STANDARD_LIBRARIES = YES;
				CODE_SIGN_STYLE = Automatic;
				COMBINE_HIDPI_IMAGES = YES;
				INFOPLIST_FILE = ContextLoggerUITests/Info.plist;
				LD_RUNPATH_SEARCH_PATHS = (
					"$(inherited)",
					"@executable_path/../Frameworks",
					"@loader_path/../Frameworks",
				);
				PRODUCT_BUNDLE_IDENTIFIER = dk.logging.ContextLoggerUITests;
				PRODUCT_NAME = "$(TARGET_NAME)";
				SWIFT_VERSION = 5.0;
				TEST_TARGET_NAME = ContextLogger;
			};
			name = Debug;
		};
		9438E5342290544400138504 /* Release */ = {
			isa = XCBuildConfiguration;
			buildSettings = {
				ALWAYS_EMBED_SWIFT_STANDARD_LIBRARIES = YES;
				CODE_SIGN_STYLE = Automatic;
				COMBINE_HIDPI_IMAGES = YES;
				INFOPLIST_FILE = ContextLoggerUITests/Info.plist;
				LD_RUNPATH_SEARCH_PATHS = (
					"$(inherited)",
					"@executable_path/../Frameworks",
					"@loader_path/../Frameworks",
				);
				PRODUCT_BUNDLE_IDENTIFIER = dk.logging.ContextLoggerUITests;
				PRODUCT_NAME = "$(TARGET_NAME)";
				SWIFT_VERSION = 5.0;
				TEST_TARGET_NAME = ContextLogger;
			};
			name = Release;
		};
/* End XCBuildConfiguration section */

/* Begin XCConfigurationList section */
		9438E5032290544200138504 /* Build configuration list for PBXProject "ContextLogger" */ = {
			isa = XCConfigurationList;
			buildConfigurations = (
				9438E52A2290544400138504 /* Debug */,
				9438E52B2290544400138504 /* Release */,
			);
			defaultConfigurationIsVisible = 0;
			defaultConfigurationName = Release;
		};
		9438E52C2290544400138504 /* Build configuration list for PBXNativeTarget "ContextLogger" */ = {
			isa = XCConfigurationList;
			buildConfigurations = (
				9438E52D2290544400138504 /* Debug */,
				9438E52E2290544400138504 /* Release */,
			);
			defaultConfigurationIsVisible = 0;
			defaultConfigurationName = Release;
		};
		9438E52F2290544400138504 /* Build configuration list for PBXNativeTarget "ContextLoggerTests" */ = {
			isa = XCConfigurationList;
			buildConfigurations = (
				9438E5302290544400138504 /* Debug */,
				9438E5312290544400138504 /* Release */,
			);
			defaultConfigurationIsVisible = 0;
			defaultConfigurationName = Release;
		};
		9438E5322290544400138504 /* Build configuration list for PBXNativeTarget "ContextLoggerUITests" */ = {
			isa = XCConfigurationList;
			buildConfigurations = (
				9438E5332290544400138504 /* Debug */,
				9438E5342290544400138504 /* Release */,
			);
			defaultConfigurationIsVisible = 0;
			defaultConfigurationName = Release;
		};
/* End XCConfigurationList section */
	};
	rootObject = 9438E5002290544200138504 /* Project object */;
}
